
Microsoft Visual Studio Solution File, Format Version 11.00
# Visual C# Express 2010
Project("{FAE04EC0-301F-11D3-BF4B-00C04F79EFBC}") = "ConsoleApplication2", "ConsoleApplication2\ConsoleApplication2.csproj", "{4A54DED7-A634-4816-A949-F151CCFDC30E}"
EndProject
Global
	GlobalSection(SolutionConfigurationPlatforms) = preSolution
		Debug|x86 = Debug|x86
		Release|x86 = Release|x86
	EndGlobalSection
	GlobalSection(ProjectConfigurationPlatforms) = postSolution
		{4A54DED7-A634-4816-A949-F151CCFDC30E}.Debug|x86.ActiveCfg = Debug|x86
		{4A54DED7-A634-4816-A949-F151CCFDC30E}.Debug|x86.Build.0 = Debug|x86
		{4A54DED7-A634-4816-A949-F151CCFDC30E}.Release|x86.ActiveCfg = Release|x86
		{4A54DED7-A634-4816-A949-F151CCFDC30E}.Release|x86.Build.0 = Release|x86
	EndGlobalSection
	GlobalSection(SolutionProperties) = preSolution
		HideSolutionNode = FALSE
	EndGlobalSection
EndGlobal
